
Microsoft Visual Studio Solution File, Format Version 12.00
# Visual Studio Version 16
VisualStudioVersion = 16.0.29728.190
MinimumVisualStudioVersion = 10.0.40219.1
Project("{FAE04EC0-301F-11D3-BF4B-00C04F79EFBC}") = "NLayerProject.API", "NLayerProject.API\NLayerProject.API.csproj", "{E12D44B5-617B-4E6A-8FC9-D48F9E6910F3}"
EndProject
Project("{FAE04EC0-301F-11D3-BF4B-00C04F79EFBC}") = "NLayerProjects.Core", "NLayerProjects.Core\NLayerProjects.Core.csproj", "{E8930812-DD0C-4649-A99D-3EC1C8B0771C}"
EndProject
Project("{FAE04EC0-301F-11D3-BF4B-00C04F79EFBC}") = "NLayerProjects.Data", "NLayerProjects.Data\NLayerProjects.Data.csproj", "{17A00043-A535-4977-A267-1FDACDECED0C}"
EndProject
Project("{FAE04EC0-301F-11D3-BF4B-00C04F79EFBC}") = "NLayerProjects.Service", "NLayerProjects.Service\NLayerProjects.Service.csproj", "{DBB1A122-BF73-4634-8565-E6993F3BC564}"
EndProject
Global
	GlobalSection(SolutionConfigurationPlatforms) = preSolution
		Debug|Any CPU = Debug|Any CPU
		Release|Any CPU = Release|Any CPU
	EndGlobalSection
	GlobalSection(ProjectConfigurationPlatforms) = postSolution
		{E12D44B5-617B-4E6A-8FC9-D48F9E6910F3}.Debug|Any CPU.ActiveCfg = Debug|Any CPU
		{E12D44B5-617B-4E6A-8FC9-D48F9E6910F3}.Debug|Any CPU.Build.0 = Debug|Any CPU
		{E12D44B5-617B-4E6A-8FC9-D48F9E6910F3}.Release|Any CPU.ActiveCfg = Release|Any CPU
		{E12D44B5-617B-4E6A-8FC9-D48F9E6910F3}.Release|Any CPU.Build.0 = Release|Any CPU
		{E8930812-DD0C-4649-A99D-3EC1C8B0771C}.Debug|Any CPU.ActiveCfg = Debug|Any CPU
		{E8930812-DD0C-4649-A99D-3EC1C8B0771C}.Debug|Any CPU.Build.0 = Debug|Any CPU
		{E8930812-DD0C-4649-A99D-3EC1C8B0771C}.Release|Any CPU.ActiveCfg = Release|Any CPU
		{E8930812-DD0C-4649-A99D-3EC1C8B0771C}.Release|Any CPU.Build.0 = Release|Any CPU
		{17A00043-A535-4977-A267-1FDACDECED0C}.Debug|Any CPU.ActiveCfg = Debug|Any CPU
		{17A00043-A535-4977-A267-1FDACDECED0C}.Debug|Any CPU.Build.0 = Debug|Any CPU
		{17A00043-A535-4977-A267-1FDACDECED0C}.Release|Any CPU.ActiveCfg = Release|Any CPU
		{17A00043-A535-4977-A267-1FDACDECED0C}.Release|Any CPU.Build.0 = Release|Any CPU
		{DBB1A122-BF73-4634-8565-E6993F3BC564}.Debug|Any CPU.ActiveCfg = Debug|Any CPU
		{DBB1A122-BF73-4634-8565-E6993F3BC564}.Debug|Any CPU.Build.0 = Debug|Any CPU
		{DBB1A122-BF73-4634-8565-E6993F3BC564}.Release|Any CPU.ActiveCfg = Release|Any CPU
		{DBB1A122-BF73-4634-8565-E6993F3BC564}.Release|Any CPU.Build.0 = Release|Any CPU
	EndGlobalSection
	GlobalSection(SolutionProperties) = preSolution
		HideSolutionNode = FALSE
	EndGlobalSection
	GlobalSection(ExtensibilityGlobals) = postSolution
		SolutionGuid = {33A20902-B181-439C-926C-04F72777C0C8}
	EndGlobalSection
EndGlobal
